
Microsoft Visual Studio Solution File, Format Version 12.00
# Visual Studio Version 16
VisualStudioVersion = 16.0.30114.105
MinimumVisualStudioVersion = 10.0.40219.1
Project("{2150E333-8FDC-42A3-9474-1A3956D46DE8}") = "src", "src", "{0DA73670-952F-44DA-BE57-60B9A2D73BC4}"
EndProject
Project("{FAE04EC0-301F-11D3-BF4B-00C04F79EFBC}") = "Producer", "src\producer\Producer.csproj", "{4FE4BE9B-507E-406A-B10B-A5A1222408DE}"
EndProject
Project("{FAE04EC0-301F-11D3-BF4B-00C04F79EFBC}") = "Consumer", "src\consumer\Consumer.csproj", "{0E7A12D6-64DA-4D1E-964D-C27FCBCCFF98}"
EndProject
Global
	GlobalSection(SolutionConfigurationPlatforms) = preSolution
		Debug|Any CPU = Debug|Any CPU
		Release|Any CPU = Release|Any CPU
	EndGlobalSection
	GlobalSection(SolutionProperties) = preSolution
		HideSolutionNode = FALSE
	EndGlobalSection
	GlobalSection(ProjectConfigurationPlatforms) = postSolution
		{4FE4BE9B-507E-406A-B10B-A5A1222408DE}.Debug|Any CPU.ActiveCfg = Debug|Any CPU
		{4FE4BE9B-507E-406A-B10B-A5A1222408DE}.Debug|Any CPU.Build.0 = Debug|Any CPU
		{4FE4BE9B-507E-406A-B10B-A5A1222408DE}.Release|Any CPU.ActiveCfg = Release|Any CPU
		{4FE4BE9B-507E-406A-B10B-A5A1222408DE}.Release|Any CPU.Build.0 = Release|Any CPU
		{0E7A12D6-64DA-4D1E-964D-C27FCBCCFF98}.Debug|Any CPU.ActiveCfg = Debug|Any CPU
		{0E7A12D6-64DA-4D1E-964D-C27FCBCCFF98}.Debug|Any CPU.Build.0 = Debug|Any CPU
		{0E7A12D6-64DA-4D1E-964D-C27FCBCCFF98}.Release|Any CPU.ActiveCfg = Release|Any CPU
		{0E7A12D6-64DA-4D1E-964D-C27FCBCCFF98}.Release|Any CPU.Build.0 = Release|Any CPU
	EndGlobalSection
	GlobalSection(NestedProjects) = preSolution
		{4FE4BE9B-507E-406A-B10B-A5A1222408DE} = {0DA73670-952F-44DA-BE57-60B9A2D73BC4}
		{0E7A12D6-64DA-4D1E-964D-C27FCBCCFF98} = {0DA73670-952F-44DA-BE57-60B9A2D73BC4}
	EndGlobalSection
EndGlobal
